{
  "version": "4",
  "redirects": {
    "https://deno.land/std/http/server.ts": "https://deno.land/std@0.224.0/http/server.ts"
  },
  "remote": {
    "https://deno.land/std@0.224.0/async/delay.ts": "f90dd685b97c2f142b8069082993e437b1602b8e2561134827eeb7c12b95c499",
    "https://deno.land/std@0.224.0/http/server.ts": "f9313804bf6467a1704f45f76cb6cd0a3396a3b31c316035e6a4c2035d1ea514"
  },
  "workspace": {
    "packageJson": {
      "dependencies": [
        "npm:@babel/core@^7.20.0",
        "npm:@expo-google-fonts/archivo@~0.2.3",
        "npm:@expo-google-fonts/inter@~0.2.3",
        "npm:@expo-google-fonts/montserrat@~0.2.3",
        "npm:@expo-google-fonts/playfair-display@~0.2.3",
        "npm:@expo-google-fonts/source-serif-4@~0.2.3",
        "npm:@react-native-async-storage/async-storage@^2.1.0",
        "npm:@react-native-clipboard/clipboard@^1.15.0",
        "npm:@react-native-community/checkbox@~0.5.17",
        "npm:@react-native-community/netinfo@^11.4.1",
        "npm:@react-native-community/slider@^4.5.5",
        "npm:@react-native-firebase/app@^21.12.0",
        "npm:@react-native-firebase/firestore@^21.12.0",
        "npm:@react-native-firebase/functions@^21.12.0",
        "npm:@react-navigation/bottom-tabs@^7.2.0",
        "npm:@react-navigation/native-stack@^7.2.0",
        "npm:@react-navigation/native@^7.0.14",
        "npm:@react-navigation/stack@^7.1.1",
        "npm:@reduxjs/toolkit@^2.5.0",
        "npm:add@^2.0.6",
        "npm:axios@^1.7.9",
        "npm:expo-av@~15.0.2",
        "npm:expo-constants@~17.0.5",
        "npm:expo-dev-client@~5.0.12",
        "npm:expo-device@~7.0.2",
        "npm:expo-font@~13.0.2",
        "npm:expo-image-manipulator@~13.0.6",
        "npm:expo-image-picker@~16.0.4",
        "npm:expo-in-app-updates@0.9",
        "npm:expo-linear-gradient@~14.0.2",
        "npm:expo-linking@^7.0.3",
        "npm:expo-mail-composer@~14.0.1",
        "npm:expo-navigation-bar@^4.0.6",
        "npm:expo-notifications@~0.29.13",
        "npm:expo-sharing@13.0",
        "npm:expo-splash-screen@~0.29.18",
        "npm:expo-status-bar@2.0",
        "npm:expo-system-ui@~4.0.6",
        "npm:expo-updates@~0.26.10",
        "npm:expo@~52.0.23",
        "npm:formik@^2.4.6",
        "npm:react-native-animatable@^1.4.0",
        "npm:react-native-bootsplash@^6.3.2",
        "npm:react-native-dotenv@^3.4.11",
        "npm:react-native-gesture-handler@~2.20.2",
        "npm:react-native-ico-miscellaneous@^5.1.2",
        "npm:react-native-ico@^43.7.4",
        "npm:react-native-image-resizer@^1.4.5",
        "npm:react-native-linear-gradient@^2.8.3",
        "npm:react-native-modal@^13.0.1",
        "npm:react-native-reanimated@~3.16.1",
        "npm:react-native-safe-area-context@4.12.0",
        "npm:react-native-screens@4.4",
        "npm:react-native-shimmer-placeholder@^2.0.9",
        "npm:react-native-svg@^15.8.0",
        "npm:react-native-vector-icons@^10.2.0",
        "npm:react-native@0.76.5",
        "npm:react-redux@^9.2.0",
        "npm:react@18.3.1",
        "npm:supabase@^2.9.6",
        "npm:typescript@^5.3.3",
        "npm:uuid@^11.0.5",
        "npm:yup@^1.6.1"
      ]
    }
  }
}
